
Microsoft Visual Studio Solution File, Format Version 12.00
# Visual Studio 14
VisualStudioVersion = 14.0.25420.1
MinimumVisualStudioVersion = 10.0.40219.1
Project("{888888A0-9F3D-457C-B088-3A5042F75D52}") = "TensorFlow_Weigths_baises", "TensorFlow_Weigths_baises\TensorFlow_Weigths_baises.pyproj", "{8F32F6F3-9D2B-40F5-AE39-FABB5A1C51EC}"
EndProject
Global
	GlobalSection(SolutionConfigurationPlatforms) = preSolution
		Debug|Any CPU = Debug|Any CPU
		Release|Any CPU = Release|Any CPU
	EndGlobalSection
	GlobalSection(ProjectConfigurationPlatforms) = postSolution
		{8F32F6F3-9D2B-40F5-AE39-FABB5A1C51EC}.Debug|Any CPU.ActiveCfg = Debug|Any CPU
		{8F32F6F3-9D2B-40F5-AE39-FABB5A1C51EC}.Release|Any CPU.ActiveCfg = Release|Any CPU
	EndGlobalSection
	GlobalSection(SolutionProperties) = preSolution
		HideSolutionNode = FALSE
	EndGlobalSection
EndGlobal
